// !$*UTF8*$!
{
	archiveVersion = 1;
	classes = {
	};
	objectVersion = 77;
	objects = {

/* Begin PBXBuildFile section */
		480390042F7078D900143322 /* GoogleSignIn in Frameworks */ = {isa = PBXBuildFile; productRef = 55807460388D95E26153B0D9 /* GoogleSignIn */; };
		484C12BE2F71E7E1001F962B /* RevenueCat in Frameworks */ = {isa = PBXBuildFile; productRef = 484C12BD2F71E7E1001F962B /* RevenueCat */; };
		484C12C02F71E7E5001F962B /* RevenueCatUI in Frameworks */ = {isa = PBXBuildFile; productRef = 484C12BF2F71E7E5001F962B /* RevenueCatUI */; };
		4856ABCD2F7300000056ABCD /* PostHog in Frameworks */ = {isa = PBXBuildFile; productRef = 4856ABCE2F7300000056ABCE /* PostHog */; };
		48AA4D822F69E2290088657A /* WidgetKit.framework in Frameworks */ = {isa = PBXBuildFile; fileRef = 48AA4D812F69E2280088657A /* WidgetKit.framework */; };
		48AA4D842F69E2290088657A /* SwiftUI.framework in Frameworks */ = {isa = PBXBuildFile; fileRef = 48AA4D832F69E2290088657A /* SwiftUI.framework */; };
		48AA4D932F69E22B0088657A /* clockWidgetExtension.appex in Embed Foundation Extensions */ = {isa = PBXBuildFile; fileRef = 48AA4D7F2F69E2280088657A /* clockWidgetExtension.appex */; settings = {ATTRIBUTES = (RemoveHeadersOnCopy, ); }; };
/* End PBXBuildFile section */

/* Begin PBXContainerItemProxy section */
		48AA4D912F69E22B0088657A /* PBXContainerItemProxy */ = {
			isa = PBXContainerItemProxy;
			containerPortal = 4869248A2F5CABE3000B0E65 /* Project object */;
			proxyType = 1;
			remoteGlobalIDString = 48AA4D7E2F69E2280088657A;
			remoteInfo = clockWidgetExtension;
		};
/* End PBXContainerItemProxy section */

/* Begin PBXCopyFilesBuildPhase section */
		48AA4D942F69E22B0088657A /* Embed Foundation Extensions */ = {
			isa = PBXCopyFilesBuildPhase;
			buildActionMask = 2147483647;
			dstPath = "";
			dstSubfolderSpec = 13;
			files = (
				48AA4D932F69E22B0088657A /* clockWidgetExtension.appex in Embed Foundation Extensions */,
			);
			name = "Embed Foundation Extensions";
			runOnlyForDeploymentPostprocessing = 0;
		};
/* End PBXCopyFilesBuildPhase section */

/* Begin PBXFileReference section */
		486924922F5CABE3000B0E65 /* Haiku.app */ = {isa = PBXFileReference; explicitFileType = wrapper.application; includeInIndex = 0; path = Haiku.app; sourceTree = BUILT_PRODUCTS_DIR; };
		48AA4D7F2F69E2280088657A /* clockWidgetExtension.appex */ = {isa = PBXFileReference; explicitFileType = "wrapper.app-extension"; includeInIndex = 0; path = clockWidgetExtension.appex; sourceTree = BUILT_PRODUCTS_DIR; };
		48AA4D812F69E2280088657A /* WidgetKit.framework */ = {isa = PBXFileReference; lastKnownFileType = wrapper.framework; name = WidgetKit.framework; path = System/Library/Frameworks/WidgetKit.framework; sourceTree = SDKROOT; };
		48AA4D832F69E2290088657A /* SwiftUI.framework */ = {isa = PBXFileReference; lastKnownFileType = wrapper.framework; name = SwiftUI.framework; path = System/Library/Frameworks/SwiftUI.framework; sourceTree = SDKROOT; };
		48AA4E932F6B70C20088657A /* clockWidgetExtension.entitlements */ = {isa = PBXFileReference; lastKnownFileType = text.plist.entitlements; path = clockWidgetExtension.entitlements; sourceTree = "<group>"; };
/* End PBXFileReference section */

/* Begin PBXFileSystemSynchronizedBuildFileExceptionSet section */
		48AA4D972F69E22B0088657A /* Exceptions for "clockWidget" folder in "clockWidgetExtension" target */ = {
			isa = PBXFileSystemSynchronizedBuildFileExceptionSet;
			membershipExceptions = (
				Info.plist,
			);
			target = 48AA4D7E2F69E2280088657A /* clockWidgetExtension */;
		};
		48AA4D9A2F69E2550088657A /* Exceptions for "clock" folder in "clockWidgetExtension" target */ = {
			isa = PBXFileSystemSynchronizedBuildFileExceptionSet;
			membershipExceptions = (
				CalendarManager.swift,
				ClockDrawing.swift,
				ClockModels.swift,
				ClockTask.swift,
				StaticClockView.swift,
			);
			target = 48AA4D7E2F69E2280088657A /* clockWidgetExtension */;
		};
		E4F75826323D0B23AFA1E6B1 /* Exceptions for "clock" folder in "clock" target */ = {
			isa = PBXFileSystemSynchronizedBuildFileExceptionSet;
			membershipExceptions = (
				Info.plist,
			);
			target = 486924912F5CABE3000B0E65 /* clock */;
		};
/* End PBXFileSystemSynchronizedBuildFileExceptionSet section */

/* Begin PBXFileSystemSynchronizedRootGroup section */
		486924942F5CABE3000B0E65 /* clock */ = {
			isa = PBXFileSystemSynchronizedRootGroup;
			exceptions = (
				E4F75826323D0B23AFA1E6B1 /* Exceptions for "clock" folder in "clock" target */,
				48AA4D9A2F69E2550088657A /* Exceptions for "clock" folder in "clockWidgetExtension" target */,
			);
			path = clock;
			sourceTree = "<group>";
		};
		48AA4D852F69E2290088657A /* clockWidget */ = {
			isa = PBXFileSystemSynchronizedRootGroup;
			exceptions = (
				48AA4D972F69E22B0088657A /* Exceptions for "clockWidget" folder in "clockWidgetExtension" target */,
			);
			path = clockWidget;
			sourceTree = "<group>";
		};
/* End PBXFileSystemSynchronizedRootGroup section */

/* Begin PBXFrameworksBuildPhase section */
		4869248F2F5CABE3000B0E65 /* Frameworks */ = {
			isa = PBXFrameworksBuildPhase;
			buildActionMask = 2147483647;
			files = (
				484C12BE2F71E7E1001F962B /* RevenueCat in Frameworks */,
				480390042F7078D900143322 /* GoogleSignIn in Frameworks */,
				484C12C02F71E7E5001F962B /* RevenueCatUI in Frameworks */,
				4856ABCD2F7300000056ABCD /* PostHog in Frameworks */,
			);
			runOnlyForDeploymentPostprocessing = 0;
		};
		48AA4D7C2F69E2280088657A /* Frameworks */ = {
			isa = PBXFrameworksBuildPhase;
			buildActionMask = 2147483647;
			files = (
				48AA4D842F69E2290088657A /* SwiftUI.framework in Frameworks */,
				48AA4D822F69E2290088657A /* WidgetKit.framework in Frameworks */,
			);
			runOnlyForDeploymentPostprocessing = 0;
		};
/* End PBXFrameworksBuildPhase section */

/* Begin PBXGroup section */
		486924892F5CABE3000B0E65 = {
			isa = PBXGroup;
			children = (
				48AA4E932F6B70C20088657A /* clockWidgetExtension.entitlements */,
				486924942F5CABE3000B0E65 /* clock */,
				48AA4D852F69E2290088657A /* clockWidget */,
				48AA4D802F69E2280088657A /* Frameworks */,
				486924932F5CABE3000B0E65 /* Products */,
			);
			sourceTree = "<group>";
		};
		486924932F5CABE3000B0E65 /* Products */ = {
			isa = PBXGroup;
			children = (
				486924922F5CABE3000B0E65 /* Haiku.app */,
				48AA4D7F2F69E2280088657A /* clockWidgetExtension.appex */,
			);
			name = Products;
			sourceTree = "<group>";
		};
		48AA4D802F69E2280088657A /* Frameworks */ = {
			isa = PBXGroup;
			children = (
				48AA4D812F69E2280088657A /* WidgetKit.framework */,
				48AA4D832F69E2290088657A /* SwiftUI.framework */,
			);
			name = Frameworks;
			sourceTree = "<group>";
		};
/* End PBXGroup section */

/* Begin PBXNativeTarget section */
		486924912F5CABE3000B0E65 /* clock */ = {
			isa = PBXNativeTarget;
			buildConfigurationList = 4869249D2F5CABE4000B0E65 /* Build configuration list for PBXNativeTarget "clock" */;
			buildPhases = (
				4869248E2F5CABE3000B0E65 /* Sources */,
				4869248F2F5CABE3000B0E65 /* Frameworks */,
				486924902F5CABE3000B0E65 /* Resources */,
				48AA4D942F69E22B0088657A /* Embed Foundation Extensions */,
			);
			buildRules = (
			);
			dependencies = (
				48AA4D922F69E22B0088657A /* PBXTargetDependency */,
			);
			fileSystemSynchronizedGroups = (
				486924942F5CABE3000B0E65 /* clock */,
			);
			name = clock;
			packageProductDependencies = (
				55807460388D95E26153B0D9 /* GoogleSignIn */,
				484C12BD2F71E7E1001F962B /* RevenueCat */,
				484C12BF2F71E7E5001F962B /* RevenueCatUI */,
				4856ABCE2F7300000056ABCE /* PostHog */,
			);
			productName = clock;
			productReference = 486924922F5CABE3000B0E65 /* Haiku.app */;
			productType = "com.apple.product-type.application";
		};
		48AA4D7E2F69E2280088657A /* clockWidgetExtension */ = {
			isa = PBXNativeTarget;
			buildConfigurationList = 48AA4D982F69E22B0088657A /* Build configuration list for PBXNativeTarget "clockWidgetExtension" */;
			buildPhases = (
				48AA4D7B2F69E2280088657A /* Sources */,
				48AA4D7C2F69E2280088657A /* Frameworks */,
				48AA4D7D2F69E2280088657A /* Resources */,
			);
			buildRules = (
			);
			dependencies = (
			);
			fileSystemSynchronizedGroups = (
				48AA4D852F69E2290088657A /* clockWidget */,
			);
			name = clockWidgetExtension;
			productName = clockWidgetExtension;
			productReference = 48AA4D7F2F69E2280088657A /* clockWidgetExtension.appex */;
			productType = "com.apple.product-type.app-extension";
		};
/* End PBXNativeTarget section */

/* Begin PBXProject section */
		4869248A2F5CABE3000B0E65 /* Project object */ = {
			isa = PBXProject;
			attributes = {
				BuildIndependentTargetsInParallel = 1;
				LastSwiftUpdateCheck = 2600;
				LastUpgradeCheck = 2630;
				ORGANIZATIONNAME = Reswin;
				TargetAttributes = {
					486924912F5CABE3000B0E65 = {
						CreatedOnToolsVersion = 26.0.1;
					};
					48AA4D7E2F69E2280088657A = {
						CreatedOnToolsVersion = 26.0.1;
					};
				};
			};
			buildConfigurationList = 4869248D2F5CABE3000B0E65 /* Build configuration list for PBXProject "clock" */;
			developmentRegion = en;
			hasScannedForEncodings = 0;
			knownRegions = (
				en,
				Base,
			);
			mainGroup = 486924892F5CABE3000B0E65;
			minimizedProjectReferenceProxies = 1;
			packageReferences = (
				E25D362EB56B8A84D486B329 /* XCRemoteSwiftPackageReference "GoogleSignIn-iOS" */,
				484C12BC2F71B1D4001F962B /* XCRemoteSwiftPackageReference "purchases-ios-spm" */,
				4856ABCF2F7300000056ABCF /* XCRemoteSwiftPackageReference "posthog-ios" */,
			);
			preferredProjectObjectVersion = 77;
			productRefGroup = 486924932F5CABE3000B0E65 /* Products */;
			projectDirPath = "";
			projectRoot = "";
			targets = (
				486924912F5CABE3000B0E65 /* clock */,
				48AA4D7E2F69E2280088657A /* clockWidgetExtension */,
			);
		};
/* End PBXProject section */

/* Begin PBXResourcesBuildPhase section */
		486924902F5CABE3000B0E65 /* Resources */ = {
			isa = PBXResourcesBuildPhase;
			buildActionMask = 2147483647;
			files = (
			);
			runOnlyForDeploymentPostprocessing = 0;
		};
		48AA4D7D2F69E2280088657A /* Resources */ = {
			isa = PBXResourcesBuildPhase;
			buildActionMask = 2147483647;
			files = (
			);
			runOnlyForDeploymentPostprocessing = 0;
		};
/* End PBXResourcesBuildPhase section */

/* Begin PBXSourcesBuildPhase section */
		4869248E2F5CABE3000B0E65 /* Sources */ = {
			isa = PBXSourcesBuildPhase;
			buildActionMask = 2147483647;
			files = (
			);
			runOnlyForDeploymentPostprocessing = 0;
		};
		48AA4D7B2F69E2280088657A /* Sources */ = {
			isa = PBXSourcesBuildPhase;
			buildActionMask = 2147483647;
			files = (
			);
			runOnlyForDeploymentPostprocessing = 0;
		};
/* End PBXSourcesBuildPhase section */

/* Begin PBXTargetDependency section */
		48AA4D922F69E22B0088657A /* PBXTargetDependency */ = {
			isa = PBXTargetDependency;
			target = 48AA4D7E2F69E2280088657A /* clockWidgetExtension */;
			targetProxy = 48AA4D912F69E22B0088657A /* PBXContainerItemProxy */;
		};
/* End PBXTargetDependency section */

/* Begin XCBuildConfiguration section */
		4869249B2F5CABE4000B0E65 /* Debug */ = {
			isa = XCBuildConfiguration;
			buildSettings = {
				ALWAYS_SEARCH_USER_PATHS = NO;
				ASSETCATALOG_COMPILER_GENERATE_SWIFT_ASSET_SYMBOL_EXTENSIONS = YES;
				CLANG_ANALYZER_NONNULL = YES;
				CLANG_ANALYZER_NUMBER_OBJECT_CONVERSION = YES_AGGRESSIVE;
				CLANG_CXX_LANGUAGE_STANDARD = "gnu++20";
				CLANG_ENABLE_MODULES = YES;
				CLANG_ENABLE_OBJC_ARC = YES;
				CLANG_ENABLE_OBJC_WEAK = YES;
				CLANG_WARN_BLOCK_CAPTURE_AUTORELEASING = YES;
				CLANG_WARN_BOOL_CONVERSION = YES;
				CLANG_WARN_COMMA = YES;
				CLANG_WARN_CONSTANT_CONVERSION = YES;
				CLANG_WARN_DEPRECATED_OBJC_IMPLEMENTATIONS = YES;
				CLANG_WARN_DIRECT_OBJC_ISA_USAGE = YES_ERROR;
				CLANG_WARN_DOCUMENTATION_COMMENTS = YES;
				CLANG_WARN_EMPTY_BODY = YES;
				CLANG_WARN_ENUM_CONVERSION = YES;
				CLANG_WARN_INFINITE_RECURSION = YES;
				CLANG_WARN_INT_CONVERSION = YES;
				CLANG_WARN_NON_LITERAL_NULL_CONVERSION = YES;
				CLANG_WARN_OBJC_IMPLICIT_RETAIN_SELF = YES;
				CLANG_WARN_OBJC_LITERAL_CONVERSION = YES;
				CLANG_WARN_OBJC_ROOT_CLASS = YES_ERROR;
				CLANG_WARN_QUOTED_INCLUDE_IN_FRAMEWORK_HEADER = YES;
				CLANG_WARN_RANGE_LOOP_ANALYSIS = YES;
				CLANG_WARN_STRICT_PROTOTYPES = YES;
				CLANG_WARN_SUSPICIOUS_MOVE = YES;
				CLANG_WARN_UNGUARDED_AVAILABILITY = YES_AGGRESSIVE;
				CLANG_WARN_UNREACHABLE_CODE = YES;
				CLANG_WARN__DUPLICATE_METHOD_MATCH = YES;
				COPY_PHASE_STRIP = NO;
				DEBUG_INFORMATION_FORMAT = dwarf;
				DEVELOPMENT_TEAM = L8UXLKRL78;
				ENABLE_STRICT_OBJC_MSGSEND = YES;
				ENABLE_TESTABILITY = YES;
				ENABLE_USER_SCRIPT_SANDBOXING = YES;
				GCC_C_LANGUAGE_STANDARD = gnu17;
				GCC_DYNAMIC_NO_PIC = NO;
				GCC_NO_COMMON_BLOCKS = YES;
				GCC_OPTIMIZATION_LEVEL = 0;
				GCC_PREPROCESSOR_DEFINITIONS = (
					"DEBUG=1",
					"$(inherited)",
				);
				GCC_WARN_64_TO_32_BIT_CONVERSION = YES;
				GCC_WARN_ABOUT_RETURN_TYPE = YES_ERROR;
				GCC_WARN_UNDECLARED_SELECTOR = YES;
				GCC_WARN_UNINITIALIZED_AUTOS = YES_AGGRESSIVE;
				GCC_WARN_UNUSED_FUNCTION = YES;
				GCC_WARN_UNUSED_VARIABLE = YES;
				IPHONEOS_DEPLOYMENT_TARGET = 26.0;
				LOCALIZATION_PREFERS_STRING_CATALOGS = YES;
				MTL_ENABLE_DEBUG_INFO = INCLUDE_SOURCE;
				MTL_FAST_MATH = YES;
				ONLY_ACTIVE_ARCH = YES;
				SDKROOT = iphoneos;
				STRING_CATALOG_GENERATE_SYMBOLS = YES;
				SWIFT_ACTIVE_COMPILATION_CONDITIONS = "DEBUG $(inherited)";
				SWIFT_OPTIMIZATION_LEVEL = "-Onone";
			};
			name = Debug;
		};
		4869249C2F5CABE4000B0E65 /* Release */ = {
			isa = XCBuildConfiguration;
			buildSettings = {
				ALWAYS_SEARCH_USER_PATHS = NO;
				ASSETCATALOG_COMPILER_GENERATE_SWIFT_ASSET_SYMBOL_EXTENSIONS = YES;
				CLANG_ANALYZER_NONNULL = YES;
				CLANG_ANALYZER_NUMBER_OBJECT_CONVERSION = YES_AGGRESSIVE;
				CLANG_CXX_LANGUAGE_STANDARD = "gnu++20";
				CLANG_ENABLE_MODULES = YES;
				CLANG_ENABLE_OBJC_ARC = YES;
				CLANG_ENABLE_OBJC_WEAK = YES;
				CLANG_WARN_BLOCK_CAPTURE_AUTORELEASING = YES;
				CLANG_WARN_BOOL_CONVERSION = YES;
				CLANG_WARN_COMMA = YES;
				CLANG_WARN_CONSTANT_CONVERSION = YES;
				CLANG_WARN_DEPRECATED_OBJC_IMPLEMENTATIONS = YES;
				CLANG_WARN_DIRECT_OBJC_ISA_USAGE = YES_ERROR;
				CLANG_WARN_DOCUMENTATION_COMMENTS = YES;
				CLANG_WARN_EMPTY_BODY = YES;
				CLANG_WARN_ENUM_CONVERSION = YES;
				CLANG_WARN_INFINITE_RECURSION = YES;
				CLANG_WARN_INT_CONVERSION = YES;
				CLANG_WARN_NON_LITERAL_NULL_CONVERSION = YES;
				CLANG_WARN_OBJC_IMPLICIT_RETAIN_SELF = YES;
				CLANG_WARN_OBJC_LITERAL_CONVERSION = YES;
				CLANG_WARN_OBJC_ROOT_CLASS = YES_ERROR;
				CLANG_WARN_QUOTED_INCLUDE_IN_FRAMEWORK_HEADER = YES;
				CLANG_WARN_RANGE_LOOP_ANALYSIS = YES;
				CLANG_WARN_STRICT_PROTOTYPES = YES;
				CLANG_WARN_SUSPICIOUS_MOVE = YES;
				CLANG_WARN_UNGUARDED_AVAILABILITY = YES_AGGRESSIVE;
				CLANG_WARN_UNREACHABLE_CODE = YES;
				CLANG_WARN__DUPLICATE_METHOD_MATCH = YES;
				COPY_PHASE_STRIP = NO;
				DEBUG_INFORMATION_FORMAT = "dwarf-with-dsym";
				DEVELOPMENT_TEAM = L8UXLKRL78;
				ENABLE_NS_ASSERTIONS = NO;
				ENABLE_STRICT_OBJC_MSGSEND = YES;
				ENABLE_USER_SCRIPT_SANDBOXING = YES;
				GCC_C_LANGUAGE_STANDARD = gnu17;
				GCC_NO_COMMON_BLOCKS = YES;
				GCC_WARN_64_TO_32_BIT_CONVERSION = YES;
				GCC_WARN_ABOUT_RETURN_TYPE = YES_ERROR;
				GCC_WARN_UNDECLARED_SELECTOR = YES;
				GCC_WARN_UNINITIALIZED_AUTOS = YES_AGGRESSIVE;
				GCC_WARN_UNUSED_FUNCTION = YES;
				GCC_WARN_UNUSED_VARIABLE = YES;
				IPHONEOS_DEPLOYMENT_TARGET = 26.0;
				LOCALIZATION_PREFERS_STRING_CATALOGS = YES;
				MTL_ENABLE_DEBUG_INFO = NO;
				MTL_FAST_MATH = YES;
				SDKROOT = iphoneos;
				STRING_CATALOG_GENERATE_SYMBOLS = YES;
				SWIFT_COMPILATION_MODE = wholemodule;
				VALIDATE_PRODUCT = YES;
			};
			name = Release;
		};
		4869249E2F5CABE4000B0E65 /* Debug */ = {
			isa = XCBuildConfiguration;
			buildSettings = {
				ASSETCATALOG_COMPILER_APPICON_NAME = AppIcon;
				ASSETCATALOG_COMPILER_GLOBAL_ACCENT_COLOR_NAME = AccentColor;
				CODE_SIGN_ENTITLEMENTS = clock/clock.entitlements;
				CODE_SIGN_STYLE = Automatic;
				CURRENT_PROJECT_VERSION = 1;
				DEVELOPMENT_TEAM = L8UXLKRL78;
				ENABLE_PREVIEWS = YES;
				GENERATE_INFOPLIST_FILE = YES;
				INFOPLIST_FILE = clock/Info.plist;
				INFOPLIST_KEY_CFBundleDisplayName = Haiku;
				INFOPLIST_KEY_NSCalendarsFullAccessUsageDescription = "Haiku needs access to your calendar to sync your meetings.";
				INFOPLIST_KEY_NSCalendarsUsageDescription = "Haiku needs access to your calendar to sync your meetings.";
				INFOPLIST_KEY_UIApplicationSceneManifest_Generation = YES;
				INFOPLIST_KEY_UIApplicationSupportsIndirectInputEvents = YES;
				INFOPLIST_KEY_UILaunchScreen_Generation = YES;
				INFOPLIST_KEY_UISupportedInterfaceOrientations_iPad = "UIInterfaceOrientationPortrait UIInterfaceOrientationPortraitUpsideDown UIInterfaceOrientationLandscapeLeft UIInterfaceOrientationLandscapeRight";
				INFOPLIST_KEY_UISupportedInterfaceOrientations_iPhone = "UIInterfaceOrientationPortrait UIInterfaceOrientationLandscapeLeft UIInterfaceOrientationLandscapeRight";
				LD_RUNPATH_SEARCH_PATHS = (
					"$(inherited)",
					"@executable_path/Frameworks",
				);
				MARKETING_VERSION = 1.0;
				PRODUCT_BUNDLE_IDENTIFIER = reswin.Haiku;
				PRODUCT_NAME = Haiku;
				STRING_CATALOG_GENERATE_SYMBOLS = YES;
				SWIFT_APPROACHABLE_CONCURRENCY = YES;
				SWIFT_DEFAULT_ACTOR_ISOLATION = MainActor;
				SWIFT_EMIT_LOC_STRINGS = YES;
				SWIFT_UPCOMING_FEATURE_MEMBER_IMPORT_VISIBILITY = YES;
				SWIFT_VERSION = 5.0;
				TARGETED_DEVICE_FAMILY = "1,2";
			};
			name = Debug;
		};
		4869249F2F5CABE4000B0E65 /* Release */ = {
			isa = XCBuildConfiguration;
			buildSettings = {
				ASSETCATALOG_COMPILER_APPICON_NAME = AppIcon;
				ASSETCATALOG_COMPILER_GLOBAL_ACCENT_COLOR_NAME = AccentColor;
				CODE_SIGN_ENTITLEMENTS = clock/clock.entitlements;
				CODE_SIGN_STYLE = Automatic;
				CURRENT_PROJECT_VERSION = 1;
				DEVELOPMENT_TEAM = L8UXLKRL78;
				ENABLE_PREVIEWS = YES;
				GENERATE_INFOPLIST_FILE = YES;
				INFOPLIST_FILE = clock/Info.plist;
				INFOPLIST_KEY_CFBundleDisplayName = Haiku;
				INFOPLIST_KEY_NSCalendarsFullAccessUsageDescription = "Haiku needs access to your calendar to sync your meetings.";
				INFOPLIST_KEY_NSCalendarsUsageDescription = "Haiku needs access to your calendar to sync your meetings.";
				INFOPLIST_KEY_UIApplicationSceneManifest_Generation = YES;
				INFOPLIST_KEY_UIApplicationSupportsIndirectInputEvents = YES;
				INFOPLIST_KEY_UILaunchScreen_Generation = YES;
				INFOPLIST_KEY_UISupportedInterfaceOrientations_iPad = "UIInterfaceOrientationPortrait UIInterfaceOrientationPortraitUpsideDown UIInterfaceOrientationLandscapeLeft UIInterfaceOrientationLandscapeRight";
				INFOPLIST_KEY_UISupportedInterfaceOrientations_iPhone = "UIInterfaceOrientationPortrait UIInterfaceOrientationLandscapeLeft UIInterfaceOrientationLandscapeRight";
				LD_RUNPATH_SEARCH_PATHS = (
					"$(inherited)",
					"@executable_path/Frameworks",
				);
				MARKETING_VERSION = 1.0;
				PRODUCT_BUNDLE_IDENTIFIER = reswin.Haiku;
				PRODUCT_NAME = Haiku;
				STRING_CATALOG_GENERATE_SYMBOLS = YES;
				SWIFT_APPROACHABLE_CONCURRENCY = YES;
				SWIFT_DEFAULT_ACTOR_ISOLATION = MainActor;
				SWIFT_EMIT_LOC_STRINGS = YES;
				SWIFT_UPCOMING_FEATURE_MEMBER_IMPORT_VISIBILITY = YES;
				SWIFT_VERSION = 5.0;
				TARGETED_DEVICE_FAMILY = "1,2";
			};
			name = Release;
		};
		48AA4D952F69E22B0088657A /* Debug */ = {
			isa = XCBuildConfiguration;
			buildSettings = {
				ASSETCATALOG_COMPILER_GLOBAL_ACCENT_COLOR_NAME = AccentColor;
				ASSETCATALOG_COMPILER_WIDGET_BACKGROUND_COLOR_NAME = WidgetBackground;
				CODE_SIGN_ENTITLEMENTS = clockWidgetExtension.entitlements;
				CODE_SIGN_STYLE = Automatic;
				CURRENT_PROJECT_VERSION = 1;
				DEVELOPMENT_TEAM = L8UXLKRL78;
				GENERATE_INFOPLIST_FILE = YES;
				INFOPLIST_FILE = clockWidget/Info.plist;
				INFOPLIST_KEY_CFBundleDisplayName = "Haiku Widget";
				INFOPLIST_KEY_NSHumanReadableCopyright = "";
				LD_RUNPATH_SEARCH_PATHS = (
					"$(inherited)",
					"@executable_path/Frameworks",
					"@executable_path/../../Frameworks",
				);
				MARKETING_VERSION = 1.0;
				PRODUCT_BUNDLE_IDENTIFIER = reswin.Haiku.clockWidget;
				PRODUCT_NAME = "$(TARGET_NAME)";
				SKIP_INSTALL = YES;
				STRING_CATALOG_GENERATE_SYMBOLS = YES;
				SWIFT_APPROACHABLE_CONCURRENCY = YES;
				SWIFT_EMIT_LOC_STRINGS = YES;
				SWIFT_UPCOMING_FEATURE_MEMBER_IMPORT_VISIBILITY = YES;
				SWIFT_VERSION = 5.0;
				TARGETED_DEVICE_FAMILY = "1,2";
			};
			name = Debug;
		};
		48AA4D962F69E22B0088657A /* Release */ = {
			isa = XCBuildConfiguration;
			buildSettings = {
				ASSETCATALOG_COMPILER_GLOBAL_ACCENT_COLOR_NAME = AccentColor;
				ASSETCATALOG_COMPILER_WIDGET_BACKGROUND_COLOR_NAME = WidgetBackground;
				CODE_SIGN_ENTITLEMENTS = clockWidgetExtension.entitlements;
				CODE_SIGN_STYLE = Automatic;
				CURRENT_PROJECT_VERSION = 1;
				DEVELOPMENT_TEAM = L8UXLKRL78;
				GENERATE_INFOPLIST_FILE = YES;
				INFOPLIST_FILE = clockWidget/Info.plist;
				INFOPLIST_KEY_CFBundleDisplayName = "Haiku Widget";
				INFOPLIST_KEY_NSHumanReadableCopyright = "";
				LD_RUNPATH_SEARCH_PATHS = (
					"$(inherited)",
					"@executable_path/Frameworks",
					"@executable_path/../../Frameworks",
				);
				MARKETING_VERSION = 1.0;
				PRODUCT_BUNDLE_IDENTIFIER = reswin.Haiku.clockWidget;
				PRODUCT_NAME = "$(TARGET_NAME)";
				SKIP_INSTALL = YES;
				STRING_CATALOG_GENERATE_SYMBOLS = YES;
				SWIFT_APPROACHABLE_CONCURRENCY = YES;
				SWIFT_EMIT_LOC_STRINGS = YES;
				SWIFT_UPCOMING_FEATURE_MEMBER_IMPORT_VISIBILITY = YES;
				SWIFT_VERSION = 5.0;
				TARGETED_DEVICE_FAMILY = "1,2";
			};
			name = Release;
		};
/* End XCBuildConfiguration section */

/* Begin XCConfigurationList section */
		4869248D2F5CABE3000B0E65 /* Build configuration list for PBXProject "clock" */ = {
			isa = XCConfigurationList;
			buildConfigurations = (
				4869249B2F5CABE4000B0E65 /* Debug */,
				4869249C2F5CABE4000B0E65 /* Release */,
			);
			defaultConfigurationIsVisible = 0;
			defaultConfigurationName = Release;
		};
		4869249D2F5CABE4000B0E65 /* Build configuration list for PBXNativeTarget "clock" */ = {
			isa = XCConfigurationList;
			buildConfigurations = (
				4869249E2F5CABE4000B0E65 /* Debug */,
				4869249F2F5CABE4000B0E65 /* Release */,
			);
			defaultConfigurationIsVisible = 0;
			defaultConfigurationName = Release;
		};
		48AA4D982F69E22B0088657A /* Build configuration list for PBXNativeTarget "clockWidgetExtension" */ = {
			isa = XCConfigurationList;
			buildConfigurations = (
				48AA4D952F69E22B0088657A /* Debug */,
				48AA4D962F69E22B0088657A /* Release */,
			);
			defaultConfigurationIsVisible = 0;
			defaultConfigurationName = Release;
		};
/* End XCConfigurationList section */

/* Begin XCRemoteSwiftPackageReference section */
		484C12BC2F71B1D4001F962B /* XCRemoteSwiftPackageReference "purchases-ios-spm" */ = {
			isa = XCRemoteSwiftPackageReference;
			repositoryURL = "https://github.com/RevenueCat/purchases-ios-spm.git";
			requirement = {
				kind = upToNextMajorVersion;
				minimumVersion = 5.66.0;
			};
		};
		4856ABCF2F7300000056ABCF /* XCRemoteSwiftPackageReference "posthog-ios" */ = {
			isa = XCRemoteSwiftPackageReference;
			repositoryURL = "https://github.com/PostHog/posthog-ios.git";
			requirement = {
				kind = upToNextMajorVersion;
				minimumVersion = 3.48.0;
			};
		};
		E25D362EB56B8A84D486B329 /* XCRemoteSwiftPackageReference "GoogleSignIn-iOS" */ = {
			isa = XCRemoteSwiftPackageReference;
			repositoryURL = "https://github.com/google/GoogleSignIn-iOS.git";
			requirement = {
				kind = upToNextMajorVersion;
				minimumVersion = 7.1.0;
			};
		};
/* End XCRemoteSwiftPackageReference section */

/* Begin XCSwiftPackageProductDependency section */
		484C12BD2F71E7E1001F962B /* RevenueCat */ = {
			isa = XCSwiftPackageProductDependency;
			package = 484C12BC2F71B1D4001F962B /* XCRemoteSwiftPackageReference "purchases-ios-spm" */;
			productName = RevenueCat;
		};
		484C12BF2F71E7E5001F962B /* RevenueCatUI */ = {
			isa = XCSwiftPackageProductDependency;
			package = 484C12BC2F71B1D4001F962B /* XCRemoteSwiftPackageReference "purchases-ios-spm" */;
			productName = RevenueCatUI;
		};
		4856ABCE2F7300000056ABCE /* PostHog */ = {
			isa = XCSwiftPackageProductDependency;
			package = 4856ABCF2F7300000056ABCF /* XCRemoteSwiftPackageReference "posthog-ios" */;
			productName = PostHog;
		};
		55807460388D95E26153B0D9 /* GoogleSignIn */ = {
			isa = XCSwiftPackageProductDependency;
			package = E25D362EB56B8A84D486B329 /* XCRemoteSwiftPackageReference "GoogleSignIn-iOS" */;
			productName = GoogleSignIn;
		};
/* End XCSwiftPackageProductDependency section */
	};
	rootObject = 4869248A2F5CABE3000B0E65 /* Project object */;
}
